
Microsoft Visual Studio Solution File, Format Version 12.00
# Visual Studio Version 17
VisualStudioVersion = 17.5.33414.496
MinimumVisualStudioVersion = 10.0.40219.1
Project("{FAE04EC0-301F-11D3-BF4B-00C04F79EFBC}") = "Matter.Core", "Matter.Core\Matter.Core.csproj", "{8CDB9728-1650-4458-9015-20CD72940828}"
EndProject
Project("{FAE04EC0-301F-11D3-BF4B-00C04F79EFBC}") = "Matter.Console", "Matter.Console\Matter.Console.csproj", "{C777DF76-4DEA-4901-B2D3-2A62FB5FDCAF}"
EndProject
Project("{FAE04EC0-301F-11D3-BF4B-00C04F79EFBC}") = "Matter.Tests", "Matter.Tests\Matter.Tests.csproj", "{1A3D1117-FC11-4C13-B06B-4518C9805E03}"
EndProject
Project("{FAE04EC0-301F-11D3-BF4B-00C04F79EFBC}") = "Core", "..\dotnet-mdns\Core\Core.csproj", "{D65D550F-F87E-D7E8-19A9-C5F6D9509BAF}"
EndProject
Global
	GlobalSection(SolutionConfigurationPlatforms) = preSolution
		Debug|Any CPU = Debug|Any CPU
		Debug|ARM64 = Debug|ARM64
		Debug|x64 = Debug|x64
		Debug|x86 = Debug|x86
		Release|Any CPU = Release|Any CPU
		Release|ARM64 = Release|ARM64
		Release|x64 = Release|x64
		Release|x86 = Release|x86
	EndGlobalSection
	GlobalSection(ProjectConfigurationPlatforms) = postSolution
		{8CDB9728-1650-4458-9015-20CD72940828}.Debug|Any CPU.ActiveCfg = Debug|Any CPU
		{8CDB9728-1650-4458-9015-20CD72940828}.Debug|Any CPU.Build.0 = Debug|Any CPU
		{8CDB9728-1650-4458-9015-20CD72940828}.Debug|ARM64.ActiveCfg = Debug|Any CPU
		{8CDB9728-1650-4458-9015-20CD72940828}.Debug|ARM64.Build.0 = Debug|Any CPU
		{8CDB9728-1650-4458-9015-20CD72940828}.Debug|x64.ActiveCfg = Debug|Any CPU
		{8CDB9728-1650-4458-9015-20CD72940828}.Debug|x64.Build.0 = Debug|Any CPU
		{8CDB9728-1650-4458-9015-20CD72940828}.Debug|x86.ActiveCfg = Debug|Any CPU
		{8CDB9728-1650-4458-9015-20CD72940828}.Debug|x86.Build.0 = Debug|Any CPU
		{8CDB9728-1650-4458-9015-20CD72940828}.Release|Any CPU.ActiveCfg = Release|Any CPU
		{8CDB9728-1650-4458-9015-20CD72940828}.Release|Any CPU.Build.0 = Release|Any CPU
		{8CDB9728-1650-4458-9015-20CD72940828}.Release|ARM64.ActiveCfg = Release|Any CPU
		{8CDB9728-1650-4458-9015-20CD72940828}.Release|ARM64.Build.0 = Release|Any CPU
		{8CDB9728-1650-4458-9015-20CD72940828}.Release|x64.ActiveCfg = Release|Any CPU
		{8CDB9728-1650-4458-9015-20CD72940828}.Release|x64.Build.0 = Release|Any CPU
		{8CDB9728-1650-4458-9015-20CD72940828}.Release|x86.ActiveCfg = Release|Any CPU
		{8CDB9728-1650-4458-9015-20CD72940828}.Release|x86.Build.0 = Release|Any CPU
		{C777DF76-4DEA-4901-B2D3-2A62FB5FDCAF}.Debug|Any CPU.ActiveCfg = Debug|Any CPU
		{C777DF76-4DEA-4901-B2D3-2A62FB5FDCAF}.Debug|Any CPU.Build.0 = Debug|Any CPU
		{C777DF76-4DEA-4901-B2D3-2A62FB5FDCAF}.Debug|ARM64.ActiveCfg = Debug|Any CPU
		{C777DF76-4DEA-4901-B2D3-2A62FB5FDCAF}.Debug|ARM64.Build.0 = Debug|Any CPU
		{C777DF76-4DEA-4901-B2D3-2A62FB5FDCAF}.Debug|x64.ActiveCfg = Debug|Any CPU
		{C777DF76-4DEA-4901-B2D3-2A62FB5FDCAF}.Debug|x64.Build.0 = Debug|Any CPU
		{C777DF76-4DEA-4901-B2D3-2A62FB5FDCAF}.Debug|x86.ActiveCfg = Debug|Any CPU
		{C777DF76-4DEA-4901-B2D3-2A62FB5FDCAF}.Debug|x86.Build.0 = Debug|Any CPU
		{C777DF76-4DEA-4901-B2D3-2A62FB5FDCAF}.Release|Any CPU.ActiveCfg = Release|Any CPU
		{C777DF76-4DEA-4901-B2D3-2A62FB5FDCAF}.Release|Any CPU.Build.0 = Release|Any CPU
		{C777DF76-4DEA-4901-B2D3-2A62FB5FDCAF}.Release|ARM64.ActiveCfg = Release|Any CPU
		{C777DF76-4DEA-4901-B2D3-2A62FB5FDCAF}.Release|ARM64.Build.0 = Release|Any CPU
		{C777DF76-4DEA-4901-B2D3-2A62FB5FDCAF}.Release|x64.ActiveCfg = Release|Any CPU
		{C777DF76-4DEA-4901-B2D3-2A62FB5FDCAF}.Release|x64.Build.0 = Release|Any CPU
		{C777DF76-4DEA-4901-B2D3-2A62FB5FDCAF}.Release|x86.ActiveCfg = Release|Any CPU
		{C777DF76-4DEA-4901-B2D3-2A62FB5FDCAF}.Release|x86.Build.0 = Release|Any CPU
		{1A3D1117-FC11-4C13-B06B-4518C9805E03}.Debug|Any CPU.ActiveCfg = Debug|Any CPU
		{1A3D1117-FC11-4C13-B06B-4518C9805E03}.Debug|Any CPU.Build.0 = Debug|Any CPU
		{1A3D1117-FC11-4C13-B06B-4518C9805E03}.Debug|ARM64.ActiveCfg = Debug|Any CPU
		{1A3D1117-FC11-4C13-B06B-4518C9805E03}.Debug|ARM64.Build.0 = Debug|Any CPU
		{1A3D1117-FC11-4C13-B06B-4518C9805E03}.Debug|x64.ActiveCfg = Debug|Any CPU
		{1A3D1117-FC11-4C13-B06B-4518C9805E03}.Debug|x64.Build.0 = Debug|Any CPU
		{1A3D1117-FC11-4C13-B06B-4518C9805E03}.Debug|x86.ActiveCfg = Debug|Any CPU
		{1A3D1117-FC11-4C13-B06B-4518C9805E03}.Debug|x86.Build.0 = Debug|Any CPU
		{1A3D1117-FC11-4C13-B06B-4518C9805E03}.Release|Any CPU.ActiveCfg = Release|Any CPU
		{1A3D1117-FC11-4C13-B06B-4518C9805E03}.Release|Any CPU.Build.0 = Release|Any CPU
		{1A3D1117-FC11-4C13-B06B-4518C9805E03}.Release|ARM64.ActiveCfg = Release|Any CPU
		{1A3D1117-FC11-4C13-B06B-4518C9805E03}.Release|ARM64.Build.0 = Release|Any CPU
		{1A3D1117-FC11-4C13-B06B-4518C9805E03}.Release|x64.ActiveCfg = Release|Any CPU
		{1A3D1117-FC11-4C13-B06B-4518C9805E03}.Release|x64.Build.0 = Release|Any CPU
		{1A3D1117-FC11-4C13-B06B-4518C9805E03}.Release|x86.ActiveCfg = Release|Any CPU
		{1A3D1117-FC11-4C13-B06B-4518C9805E03}.Release|x86.Build.0 = Release|Any CPU
		{D65D550F-F87E-D7E8-19A9-C5F6D9509BAF}.Debug|Any CPU.ActiveCfg = Debug|Any CPU
		{D65D550F-F87E-D7E8-19A9-C5F6D9509BAF}.Debug|Any CPU.Build.0 = Debug|Any CPU
		{D65D550F-F87E-D7E8-19A9-C5F6D9509BAF}.Debug|ARM64.ActiveCfg = Debug|Any CPU
		{D65D550F-F87E-D7E8-19A9-C5F6D9509BAF}.Debug|ARM64.Build.0 = Debug|Any CPU
		{D65D550F-F87E-D7E8-19A9-C5F6D9509BAF}.Debug|x64.ActiveCfg = Debug|Any CPU
		{D65D550F-F87E-D7E8-19A9-C5F6D9509BAF}.Debug|x64.Build.0 = Debug|Any CPU
		{D65D550F-F87E-D7E8-19A9-C5F6D9509BAF}.Debug|x86.ActiveCfg = Debug|Any CPU
		{D65D550F-F87E-D7E8-19A9-C5F6D9509BAF}.Debug|x86.Build.0 = Debug|Any CPU
		{D65D550F-F87E-D7E8-19A9-C5F6D9509BAF}.Release|Any CPU.ActiveCfg = Release|Any CPU
		{D65D550F-F87E-D7E8-19A9-C5F6D9509BAF}.Release|Any CPU.Build.0 = Release|Any CPU
		{D65D550F-F87E-D7E8-19A9-C5F6D9509BAF}.Release|ARM64.ActiveCfg = Release|Any CPU
		{D65D550F-F87E-D7E8-19A9-C5F6D9509BAF}.Release|ARM64.Build.0 = Release|Any CPU
		{D65D550F-F87E-D7E8-19A9-C5F6D9509BAF}.Release|x64.ActiveCfg = Release|Any CPU
		{D65D550F-F87E-D7E8-19A9-C5F6D9509BAF}.Release|x64.Build.0 = Release|Any CPU
		{D65D550F-F87E-D7E8-19A9-C5F6D9509BAF}.Release|x86.ActiveCfg = Release|Any CPU
		{D65D550F-F87E-D7E8-19A9-C5F6D9509BAF}.Release|x86.Build.0 = Release|Any CPU
	EndGlobalSection
	GlobalSection(SolutionProperties) = preSolution
		HideSolutionNode = FALSE
	EndGlobalSection
	GlobalSection(ExtensibilityGlobals) = postSolution
		SolutionGuid = {1B396B08-65B4-4E57-A4CD-4F81E8DEE9E4}
	EndGlobalSection
EndGlobal
